
Microsoft Visual Studio Solution File, Format Version 12.00
# Visual Studio Version 17
VisualStudioVersion = 17.7.34031.279
MinimumVisualStudioVersion = 10.0.40219.1
Project("{FAE04EC0-301F-11D3-BF4B-00C04F79EFBC}") = "Arduino (ApagarEncender)", "Arduino (ApagarEncender)\Arduino (ApagarEncender).csproj", "{BFB192DF-9849-4BA2-8DF2-82E7DE83B061}"
EndProject
Global
	GlobalSection(SolutionConfigurationPlatforms) = preSolution
		Debug|Any CPU = Debug|Any CPU
		Release|Any CPU = Release|Any CPU
	EndGlobalSection
	GlobalSection(ProjectConfigurationPlatforms) = postSolution
		{BFB192DF-9849-4BA2-8DF2-82E7DE83B061}.Debug|Any CPU.ActiveCfg = Debug|Any CPU
		{BFB192DF-9849-4BA2-8DF2-82E7DE83B061}.Debug|Any CPU.Build.0 = Debug|Any CPU
		{BFB192DF-9849-4BA2-8DF2-82E7DE83B061}.Release|Any CPU.ActiveCfg = Release|Any CPU
		{BFB192DF-9849-4BA2-8DF2-82E7DE83B061}.Release|Any CPU.Build.0 = Release|Any CPU
	EndGlobalSection
	GlobalSection(SolutionProperties) = preSolution
		HideSolutionNode = FALSE
	EndGlobalSection
	GlobalSection(ExtensibilityGlobals) = postSolution
		SolutionGuid = {5F339D7A-E9E0-42A7-ACD9-DF1228D980CE}
	EndGlobalSection
EndGlobal
